
Microsoft Visual Studio Solution File, Format Version 10.00
# Visual Studio 2008
Project("{8BC9CEB8-8B4A-11D0-8D11-00A0C91BC942}") = "networkstudy", "networkstudy\networkstudy.vcproj", "{2244670A-560F-40FB-9CD6-045316F456B7}"
EndProject
Global
	GlobalSection(SolutionConfigurationPlatforms) = preSolution
		Debug|Win32 = Debug|Win32
		Release|Win32 = Release|Win32
	EndGlobalSection
	GlobalSection(ProjectConfigurationPlatforms) = postSolution
		{2244670A-560F-40FB-9CD6-045316F456B7}.Debug|Win32.ActiveCfg = Debug|Win32
		{2244670A-560F-40FB-9CD6-045316F456B7}.Debug|Win32.Build.0 = Debug|Win32
		{2244670A-560F-40FB-9CD6-045316F456B7}.Release|Win32.ActiveCfg = Release|Win32
		{2244670A-560F-40FB-9CD6-045316F456B7}.Release|Win32.Build.0 = Release|Win32
	EndGlobalSection
	GlobalSection(SolutionProperties) = preSolution
		HideSolutionNode = FALSE
	EndGlobalSection
EndGlobal
